// !$*UTF8*$!
{
	archiveVersion = 1;
	classes = {
	};
	objectVersion = 50;
	objects = {

/* Begin PBXBuildFile section */
		149896AB221C6D4500A4B71F /* AppDelegate.swift in Sources */ = {isa = PBXBuildFile; fileRef = 149896AA221C6D4500A4B71F /* AppDelegate.swift */; };
		149896AD221C6D4500A4B71F /* ViewController.swift in Sources */ = {isa = PBXBuildFile; fileRef = 149896AC221C6D4500A4B71F /* ViewController.swift */; };
		149896B0221C6D4500A4B71F /* Main.storyboard in Resources */ = {isa = PBXBuildFile; fileRef = 149896AE221C6D4500A4B71F /* Main.storyboard */; };
		149896B2221C6D4600A4B71F /* Assets.xcassets in Resources */ = {isa = PBXBuildFile; fileRef = 149896B1221C6D4600A4B71F /* Assets.xcassets */; };
		149896B5221C6D4600A4B71F /* LaunchScreen.storyboard in Resources */ = {isa = PBXBuildFile; fileRef = 149896B3221C6D4600A4B71F /* LaunchScreen.storyboard */; };
		149896C0221C6D4600A4B71F /* TVTests.swift in Sources */ = {isa = PBXBuildFile; fileRef = 149896BF221C6D4600A4B71F /* TVTests.swift */; };
		149896CB221C6D4600A4B71F /* TVUITests.swift in Sources */ = {isa = PBXBuildFile; fileRef = 149896CA221C6D4600A4B71F /* TVUITests.swift */; };
/* End PBXBuildFile section */

/* Begin PBXContainerItemProxy section */
		149896BC221C6D4600A4B71F /* PBXContainerItemProxy */ = {
			isa = PBXContainerItemProxy;
			containerPortal = 1498969F221C6D4500A4B71F /* Project object */;
			proxyType = 1;
			remoteGlobalIDString = 149896A6221C6D4500A4B71F;
			remoteInfo = TV;
		};
		149896C7221C6D4600A4B71F /* PBXContainerItemProxy */ = {
			isa = PBXContainerItemProxy;
			containerPortal = 1498969F221C6D4500A4B71F /* Project object */;
			proxyType = 1;
			remoteGlobalIDString = 149896A6221C6D4500A4B71F;
			remoteInfo = TV;
		};
/* End PBXContainerItemProxy section */

/* Begin PBXFileReference section */
		149896A7221C6D4500A4B71F /* TV.app */ = {isa = PBXFileReference; explicitFileType = wrapper.application; includeInIndex = 0; path = TV.app; sourceTree = BUILT_PRODUCTS_DIR; };
		149896AA221C6D4500A4B71F /* AppDelegate.swift */ = {isa = PBXFileReference; lastKnownFileType = sourcecode.swift; path = AppDelegate.swift; sourceTree = "<group>"; };
		149896AC221C6D4500A4B71F /* ViewController.swift */ = {isa = PBXFileReference; lastKnownFileType = sourcecode.swift; path = ViewController.swift; sourceTree = "<group>"; };
		149896AF221C6D4500A4B71F /* Base */ = {isa = PBXFileReference; lastKnownFileType = file.storyboard; name = Base; path = Base.lproj/Main.storyboard; sourceTree = "<group>"; };
		149896B1221C6D4600A4B71F /* Assets.xcassets */ = {isa = PBXFileReference; lastKnownFileType = folder.assetcatalog; path = Assets.xcassets; sourceTree = "<group>"; };
		149896B4221C6D4600A4B71F /* Base */ = {isa = PBXFileReference; lastKnownFileType = file.storyboard; name = Base; path = Base.lproj/LaunchScreen.storyboard; sourceTree = "<group>"; };
		149896B6221C6D4600A4B71F /* Info.plist */ = {isa = PBXFileReference; lastKnownFileType = text.plist.xml; path = Info.plist; sourceTree = "<group>"; };
		149896BB221C6D4600A4B71F /* TVTests.xctest */ = {isa = PBXFileReference; explicitFileType = wrapper.cfbundle; includeInIndex = 0; path = TVTests.xctest; sourceTree = BUILT_PRODUCTS_DIR; };
		149896BF221C6D4600A4B71F /* TVTests.swift */ = {isa = PBXFileReference; lastKnownFileType = sourcecode.swift; path = TVTests.swift; sourceTree = "<group>"; };
		149896C1221C6D4600A4B71F /* Info.plist */ = {isa = PBXFileReference; lastKnownFileType = text.plist.xml; path = Info.plist; sourceTree = "<group>"; };
		149896C6221C6D4600A4B71F /* TVUITests.xctest */ = {isa = PBXFileReference; explicitFileType = wrapper.cfbundle; includeInIndex = 0; path = TVUITests.xctest; sourceTree = BUILT_PRODUCTS_DIR; };
		149896CA221C6D4600A4B71F /* TVUITests.swift */ = {isa = PBXFileReference; lastKnownFileType = sourcecode.swift; path = TVUITests.swift; sourceTree = "<group>"; };
		149896CC221C6D4600A4B71F /* Info.plist */ = {isa = PBXFileReference; lastKnownFileType = text.plist.xml; path = Info.plist; sourceTree = "<group>"; };
/* End PBXFileReference section */

/* Begin PBXFrameworksBuildPhase section */
		149896A4221C6D4500A4B71F /* Frameworks */ = {
			isa = PBXFrameworksBuildPhase;
			buildActionMask = 2147483647;
			files = (
			);
			runOnlyForDeploymentPostprocessing = 0;
		};
		149896B8221C6D4600A4B71F /* Frameworks */ = {
			isa = PBXFrameworksBuildPhase;
			buildActionMask = 2147483647;
			files = (
			);
			runOnlyForDeploymentPostprocessing = 0;
		};
		149896C3221C6D4600A4B71F /* Frameworks */ = {
			isa = PBXFrameworksBuildPhase;
			buildActionMask = 2147483647;
			files = (
			);
			runOnlyForDeploymentPostprocessing = 0;
		};
/* End PBXFrameworksBuildPhase section */

/* Begin PBXGroup section */
		1498969E221C6D4500A4B71F = {
			isa = PBXGroup;
			children = (
				149896A9221C6D4500A4B71F /* TV */,
				149896BE221C6D4600A4B71F /* TVTests */,
				149896C9221C6D4600A4B71F /* TVUITests */,
				149896A8221C6D4500A4B71F /* Products */,
			);
			sourceTree = "<group>";
		};
		149896A8221C6D4500A4B71F /* Products */ = {
			isa = PBXGroup;
			children = (
				149896A7221C6D4500A4B71F /* TV.app */,
				149896BB221C6D4600A4B71F /* TVTests.xctest */,
				149896C6221C6D4600A4B71F /* TVUITests.xctest */,
			);
			name = Products;
			sourceTree = "<group>";
		};
		149896A9221C6D4500A4B71F /* TV */ = {
			isa = PBXGroup;
			children = (
				149896AA221C6D4500A4B71F /* AppDelegate.swift */,
				149896AC221C6D4500A4B71F /* ViewController.swift */,
				149896AE221C6D4500A4B71F /* Main.storyboard */,
				149896B1221C6D4600A4B71F /* Assets.xcassets */,
				149896B3221C6D4600A4B71F /* LaunchScreen.storyboard */,
				149896B6221C6D4600A4B71F /* Info.plist */,
			);
			path = TV;
			sourceTree = "<group>";
		};
		149896BE221C6D4600A4B71F /* TVTests */ = {
			isa = PBXGroup;
			children = (
				149896BF221C6D4600A4B71F /* TVTests.swift */,
				149896C1221C6D4600A4B71F /* Info.plist */,
			);
			path = TVTests;
			sourceTree = "<group>";
		};
		149896C9221C6D4600A4B71F /* TVUITests */ = {
			isa = PBXGroup;
			children = (
				149896CA221C6D4600A4B71F /* TVUITests.swift */,
				149896CC221C6D4600A4B71F /* Info.plist */,
			);
			path = TVUITests;
			sourceTree = "<group>";
		};
/* End PBXGroup section */

/* Begin PBXNativeTarget section */
		149896A6221C6D4500A4B71F /* TV */ = {
			isa = PBXNativeTarget;
			buildConfigurationList = 149896CF221C6D4600A4B71F /* Build configuration list for PBXNativeTarget "TV" */;
			buildPhases = (
				149896A3221C6D4500A4B71F /* Sources */,
				149896A4221C6D4500A4B71F /* Frameworks */,
				149896A5221C6D4500A4B71F /* Resources */,
			);
			buildRules = (
			);
			dependencies = (
			);
			name = TV;
			productName = TV;
			productReference = 149896A7221C6D4500A4B71F /* TV.app */;
			productType = "com.apple.product-type.application";
		};
		149896BA221C6D4600A4B71F /* TVTests */ = {
			isa = PBXNativeTarget;
			buildConfigurationList = 149896D2221C6D4600A4B71F /* Build configuration list for PBXNativeTarget "TVTests" */;
			buildPhases = (
				149896B7221C6D4600A4B71F /* Sources */,
				149896B8221C6D4600A4B71F /* Frameworks */,
				149896B9221C6D4600A4B71F /* Resources */,
			);
			buildRules = (
			);
			dependencies = (
				149896BD221C6D4600A4B71F /* PBXTargetDependency */,
			);
			name = TVTests;
			productName = TVTests;
			productReference = 149896BB221C6D4600A4B71F /* TVTests.xctest */;
			productType = "com.apple.product-type.bundle.unit-test";
		};
		149896C5221C6D4600A4B71F /* TVUITests */ = {
			isa = PBXNativeTarget;
			buildConfigurationList = 149896D5221C6D4600A4B71F /* Build configuration list for PBXNativeTarget "TVUITests" */;
			buildPhases = (
				149896C2221C6D4600A4B71F /* Sources */,
				149896C3221C6D4600A4B71F /* Frameworks */,
				149896C4221C6D4600A4B71F /* Resources */,
			);
			buildRules = (
			);
			dependencies = (
				149896C8221C6D4600A4B71F /* PBXTargetDependency */,
			);
			name = TVUITests;
			productName = TVUITests;
			productReference = 149896C6221C6D4600A4B71F /* TVUITests.xctest */;
			productType = "com.apple.product-type.bundle.ui-testing";
		};
/* End PBXNativeTarget section */

/* Begin PBXProject section */
		1498969F221C6D4500A4B71F /* Project object */ = {
			isa = PBXProject;
			attributes = {
				LastSwiftUpdateCheck = 1010;
				LastUpgradeCheck = 1010;
				ORGANIZATIONNAME = "Michael Linker";
				TargetAttributes = {
					149896A6221C6D4500A4B71F = {
						CreatedOnToolsVersion = 10.1;
					};
					149896BA221C6D4600A4B71F = {
						CreatedOnToolsVersion = 10.1;
						TestTargetID = 149896A6221C6D4500A4B71F;
					};
					149896C5221C6D4600A4B71F = {
						CreatedOnToolsVersion = 10.1;
						TestTargetID = 149896A6221C6D4500A4B71F;
					};
				};
			};
			buildConfigurationList = 149896A2221C6D4500A4B71F /* Build configuration list for PBXProject "TV" */;
			compatibilityVersion = "Xcode 9.3";
			developmentRegion = en;
			hasScannedForEncodings = 0;
			knownRegions = (
				en,
				Base,
			);
			mainGroup = 1498969E221C6D4500A4B71F;
			productRefGroup = 149896A8221C6D4500A4B71F /* Products */;
			projectDirPath = "";
			projectRoot = "";
			targets = (
				149896A6221C6D4500A4B71F /* TV */,
				149896BA221C6D4600A4B71F /* TVTests */,
				149896C5221C6D4600A4B71F /* TVUITests */,
			);
		};
/* End PBXProject section */

/* Begin PBXResourcesBuildPhase section */
		149896A5221C6D4500A4B71F /* Resources */ = {
			isa = PBXResourcesBuildPhase;
			buildActionMask = 2147483647;
			files = (
				149896B5221C6D4600A4B71F /* LaunchScreen.storyboard in Resources */,
				149896B2221C6D4600A4B71F /* Assets.xcassets in Resources */,
				149896B0221C6D4500A4B71F /* Main.storyboard in Resources */,
			);
			runOnlyForDeploymentPostprocessing = 0;
		};
		149896B9221C6D4600A4B71F /* Resources */ = {
			isa = PBXResourcesBuildPhase;
			buildActionMask = 2147483647;
			files = (
			);
			runOnlyForDeploymentPostprocessing = 0;
		};
		149896C4221C6D4600A4B71F /* Resources */ = {
			isa = PBXResourcesBuildPhase;
			buildActionMask = 2147483647;
			files = (
			);
			runOnlyForDeploymentPostprocessing = 0;
		};
/* End PBXResourcesBuildPhase section */

/* Begin PBXSourcesBuildPhase section */
		149896A3221C6D4500A4B71F /* Sources */ = {
			isa = PBXSourcesBuildPhase;
			buildActionMask = 2147483647;
			files = (
				149896AD221C6D4500A4B71F /* ViewController.swift in Sources */,
				149896AB221C6D4500A4B71F /* AppDelegate.swift in Sources */,
			);
			runOnlyForDeploymentPostprocessing = 0;
		};
		149896B7221C6D4600A4B71F /* Sources */ = {
			isa = PBXSourcesBuildPhase;
			buildActionMask = 2147483647;
			files = (
				149896C0221C6D4600A4B71F /* TVTests.swift in Sources */,
			);
			runOnlyForDeploymentPostprocessing = 0;
		};
		149896C2221C6D4600A4B71F /* Sources */ = {
			isa = PBXSourcesBuildPhase;
			buildActionMask = 2147483647;
			files = (
				149896CB221C6D4600A4B71F /* TVUITests.swift in Sources */,
			);
			runOnlyForDeploymentPostprocessing = 0;
		};
/* End PBXSourcesBuildPhase section */

/* Begin PBXTargetDependency section */
		149896BD221C6D4600A4B71F /* PBXTargetDependency */ = {
			isa = PBXTargetDependency;
			target = 149896A6221C6D4500A4B71F /* TV */;
			targetProxy = 149896BC221C6D4600A4B71F /* PBXContainerItemProxy */;
		};
		149896C8221C6D4600A4B71F /* PBXTargetDependency */ = {
			isa = PBXTargetDependency;
			target = 149896A6221C6D4500A4B71F /* TV */;
			targetProxy = 149896C7221C6D4600A4B71F /* PBXContainerItemProxy */;
		};
/* End PBXTargetDependency section */

/* Begin PBXVariantGroup section */
		149896AE221C6D4500A4B71F /* Main.storyboard */ = {
			isa = PBXVariantGroup;
			children = (
				149896AF221C6D4500A4B71F /* Base */,
			);
			name = Main.storyboard;
			sourceTree = "<group>";
		};
		149896B3221C6D4600A4B71F /* LaunchScreen.storyboard */ = {
			isa = PBXVariantGroup;
			children = (
				149896B4221C6D4600A4B71F /* Base */,
			);
			name = LaunchScreen.storyboard;
			sourceTree = "<group>";
		};
/* End PBXVariantGroup section */

/* Begin XCBuildConfiguration section */
		149896CD221C6D4600A4B71F /* Debug */ = {
			isa = XCBuildConfiguration;
			buildSettings = {
				ALWAYS_SEARCH_USER_PATHS = NO;
				CLANG_ANALYZER_NONNULL = YES;
				CLANG_ANALYZER_NUMBER_OBJECT_CONVERSION = YES_AGGRESSIVE;
				CLANG_CXX_LANGUAGE_STANDARD = "gnu++14";
				CLANG_CXX_LIBRARY = "libc++";
				CLANG_ENABLE_MODULES = YES;
				CLANG_ENABLE_OBJC_ARC = YES;
				CLANG_ENABLE_OBJC_WEAK = YES;
				CLANG_WARN_BLOCK_CAPTURE_AUTORELEASING = YES;
				CLANG_WARN_BOOL_CONVERSION = YES;
				CLANG_WARN_COMMA = YES;
				CLANG_WARN_CONSTANT_CONVERSION = YES;
				CLANG_WARN_DEPRECATED_OBJC_IMPLEMENTATIONS = YES;
				CLANG_WARN_DIRECT_OBJC_ISA_USAGE = YES_ERROR;
				CLANG_WARN_DOCUMENTATION_COMMENTS = YES;
				CLANG_WARN_EMPTY_BODY = YES;
				CLANG_WARN_ENUM_CONVERSION = YES;
				CLANG_WARN_INFINITE_RECURSION = YES;
				CLANG_WARN_INT_CONVERSION = YES;
				CLANG_WARN_NON_LITERAL_NULL_CONVERSION = YES;
				CLANG_WARN_OBJC_IMPLICIT_RETAIN_SELF = YES;
				CLANG_WARN_OBJC_LITERAL_CONVERSION = YES;
				CLANG_WARN_OBJC_ROOT_CLASS = YES_ERROR;
				CLANG_WARN_RANGE_LOOP_ANALYSIS = YES;
				CLANG_WARN_STRICT_PROTOTYPES = YES;
				CLANG_WARN_SUSPICIOUS_MOVE = YES;
				CLANG_WARN_UNGUARDED_AVAILABILITY = YES_AGGRESSIVE;
				CLANG_WARN_UNREACHABLE_CODE = YES;
				CLANG_WARN__DUPLICATE_METHOD_MATCH = YES;
				CODE_SIGN_IDENTITY = "iPhone Developer";
				COPY_PHASE_STRIP = NO;
				DEBUG_INFORMATION_FORMAT = dwarf;
				ENABLE_STRICT_OBJC_MSGSEND = YES;
				ENABLE_TESTABILITY = YES;
				GCC_C_LANGUAGE_STANDARD = gnu11;
				GCC_DYNAMIC_NO_PIC = NO;
				GCC_NO_COMMON_BLOCKS = YES;
				GCC_OPTIMIZATION_LEVEL = 0;
				GCC_PREPROCESSOR_DEFINITIONS = (
					"DEBUG=1",
					"$(inherited)",
				);
				GCC_WARN_64_TO_32_BIT_CONVERSION = YES;
				GCC_WARN_ABOUT_RETURN_TYPE = YES_ERROR;
				GCC_WARN_UNDECLARED_SELECTOR = YES;
				GCC_WARN_UNINITIALIZED_AUTOS = YES_AGGRESSIVE;
				GCC_WARN_UNUSED_FUNCTION = YES;
				GCC_WARN_UNUSED_VARIABLE = YES;
				IPHONEOS_DEPLOYMENT_TARGET = 12.1;
				MTL_ENABLE_DEBUG_INFO = INCLUDE_SOURCE;
				MTL_FAST_MATH = YES;
				ONLY_ACTIVE_ARCH = YES;
				SDKROOT = iphoneos;
				SWIFT_ACTIVE_COMPILATION_CONDITIONS = DEBUG;
				SWIFT_OPTIMIZATION_LEVEL = "-Onone";
			};
			name = Debug;
		};
		149896CE221C6D4600A4B71F /* Release */ = {
			isa = XCBuildConfiguration;
			buildSettings = {
				ALWAYS_SEARCH_USER_PATHS = NO;
				CLANG_ANALYZER_NONNULL = YES;
				CLANG_ANALYZER_NUMBER_OBJECT_CONVERSION = YES_AGGRESSIVE;
				CLANG_CXX_LANGUAGE_STANDARD = "gnu++14";
				CLANG_CXX_LIBRARY = "libc++";
				CLANG_ENABLE_MODULES = YES;
				CLANG_ENABLE_OBJC_ARC = YES;
				CLANG_ENABLE_OBJC_WEAK = YES;
				CLANG_WARN_BLOCK_CAPTURE_AUTORELEASING = YES;
				CLANG_WARN_BOOL_CONVERSION = YES;
				CLANG_WARN_COMMA = YES;
				CLANG_WARN_CONSTANT_CONVERSION = YES;
				CLANG_WARN_DEPRECATED_OBJC_IMPLEMENTATIONS = YES;
				CLANG_WARN_DIRECT_OBJC_ISA_USAGE = YES_ERROR;
				CLANG_WARN_DOCUMENTATION_COMMENTS = YES;
				CLANG_WARN_EMPTY_BODY = YES;
				CLANG_WARN_ENUM_CONVERSION = YES;
				CLANG_WARN_INFINITE_RECURSION = YES;
				CLANG_WARN_INT_CONVERSION = YES;
				CLANG_WARN_NON_LITERAL_NULL_CONVERSION = YES;
				CLANG_WARN_OBJC_IMPLICIT_RETAIN_SELF = YES;
				CLANG_WARN_OBJC_LITERAL_CONVERSION = YES;
				CLANG_WARN_OBJC_ROOT_CLASS = YES_ERROR;
				CLANG_WARN_RANGE_LOOP_ANALYSIS = YES;
				CLANG_WARN_STRICT_PROTOTYPES = YES;
				CLANG_WARN_SUSPICIOUS_MOVE = YES;
				CLANG_WARN_UNGUARDED_AVAILABILITY = YES_AGGRESSIVE;
				CLANG_WARN_UNREACHABLE_CODE = YES;
				CLANG_WARN__DUPLICATE_METHOD_MATCH = YES;
				CODE_SIGN_IDENTITY = "iPhone Developer";
				COPY_PHASE_STRIP = NO;
				DEBUG_INFORMATION_FORMAT = "dwarf-with-dsym";
				ENABLE_NS_ASSERTIONS = NO;
				ENABLE_STRICT_OBJC_MSGSEND = YES;
				GCC_C_LANGUAGE_STANDARD = gnu11;
				GCC_NO_COMMON_BLOCKS = YES;
				GCC_WARN_64_TO_32_BIT_CONVERSION = YES;
				GCC_WARN_ABOUT_RETURN_TYPE = YES_ERROR;
				GCC_WARN_UNDECLARED_SELECTOR = YES;
				GCC_WARN_UNINITIALIZED_AUTOS = YES_AGGRESSIVE;
				GCC_WARN_UNUSED_FUNCTION = YES;
				GCC_WARN_UNUSED_VARIABLE = YES;
				IPHONEOS_DEPLOYMENT_TARGET = 12.1;
				MTL_ENABLE_DEBUG_INFO = NO;
				MTL_FAST_MATH = YES;
				SDKROOT = iphoneos;
				SWIFT_COMPILATION_MODE = wholemodule;
				SWIFT_OPTIMIZATION_LEVEL = "-O";
				VALIDATE_PRODUCT = YES;
			};
			name = Release;
		};
		149896D0221C6D4600A4B71F /* Debug */ = {
			isa = XCBuildConfiguration;
			buildSettings = {
				ASSETCATALOG_COMPILER_APPICON_NAME = AppIcon;
				CODE_SIGN_STYLE = Automatic;
				INFOPLIST_FILE = TV/Info.plist;
				LD_RUNPATH_SEARCH_PATHS = (
					"$(inherited)",
					"@executable_path/Frameworks",
				);
				PRODUCT_BUNDLE_IDENTIFIER = JohnHerseyHighschool.TV;
				PRODUCT_NAME = "$(TARGET_NAME)";
				SWIFT_VERSION = 4.2;
				TARGETED_DEVICE_FAMILY = "1,2";
			};
			name = Debug;
		};
		149896D1221C6D4600A4B71F /* Release */ = {
			isa = XCBuildConfiguration;
			buildSettings = {
				ASSETCATALOG_COMPILER_APPICON_NAME = AppIcon;
				CODE_SIGN_STYLE = Automatic;
				INFOPLIST_FILE = TV/Info.plist;
				LD_RUNPATH_SEARCH_PATHS = (
					"$(inherited)",
					"@executable_path/Frameworks",
				);
				PRODUCT_BUNDLE_IDENTIFIER = JohnHerseyHighschool.TV;
				PRODUCT_NAME = "$(TARGET_NAME)";
				SWIFT_VERSION = 4.2;
				TARGETED_DEVICE_FAMILY = "1,2";
			};
			name = Release;
		};
		149896D3221C6D4600A4B71F /* Debug */ = {
			isa = XCBuildConfiguration;
			buildSettings = {
				ALWAYS_EMBED_SWIFT_STANDARD_LIBRARIES = YES;
				BUNDLE_LOADER = "$(TEST_HOST)";
				CODE_SIGN_STYLE = Automatic;
				INFOPLIST_FILE = TVTests/Info.plist;
				LD_RUNPATH_SEARCH_PATHS = (
					"$(inherited)",
					"@executable_path/Frameworks",
					"@loader_path/Frameworks",
				);
				PRODUCT_BUNDLE_IDENTIFIER = JohnHerseyHighschool.TVTests;
				PRODUCT_NAME = "$(TARGET_NAME)";
				SWIFT_VERSION = 4.2;
				TARGETED_DEVICE_FAMILY = "1,2";
				TEST_HOST = "$(BUILT_PRODUCTS_DIR)/TV.app/TV";
			};
			name = Debug;
		};
		149896D4221C6D4600A4B71F /* Release */ = {
			isa = XCBuildConfiguration;
			buildSettings = {
				ALWAYS_EMBED_SWIFT_STANDARD_LIBRARIES = YES;
				BUNDLE_LOADER = "$(TEST_HOST)";
				CODE_SIGN_STYLE = Automatic;
				INFOPLIST_FILE = TVTests/Info.plist;
				LD_RUNPATH_SEARCH_PATHS = (
					"$(inherited)",
					"@executable_path/Frameworks",
					"@loader_path/Frameworks",
				);
				PRODUCT_BUNDLE_IDENTIFIER = JohnHerseyHighschool.TVTests;
				PRODUCT_NAME = "$(TARGET_NAME)";
				SWIFT_VERSION = 4.2;
				TARGETED_DEVICE_FAMILY = "1,2";
				TEST_HOST = "$(BUILT_PRODUCTS_DIR)/TV.app/TV";
			};
			name = Release;
		};
		149896D6221C6D4600A4B71F /* Debug */ = {
			isa = XCBuildConfiguration;
			buildSettings = {
				ALWAYS_EMBED_SWIFT_STANDARD_LIBRARIES = YES;
				CODE_SIGN_STYLE = Automatic;
				INFOPLIST_FILE = TVUITests/Info.plist;
				LD_RUNPATH_SEARCH_PATHS = (
					"$(inherited)",
					"@executable_path/Frameworks",
					"@loader_path/Frameworks",
				);
				PRODUCT_BUNDLE_IDENTIFIER = JohnHerseyHighschool.TVUITests;
				PRODUCT_NAME = "$(TARGET_NAME)";
				SWIFT_VERSION = 4.2;
				TARGETED_DEVICE_FAMILY = "1,2";
				TEST_TARGET_NAME = TV;
			};
			name = Debug;
		};
		149896D7221C6D4600A4B71F /* Release */ = {
			isa = XCBuildConfiguration;
			buildSettings = {
				ALWAYS_EMBED_SWIFT_STANDARD_LIBRARIES = YES;
				CODE_SIGN_STYLE = Automatic;
				INFOPLIST_FILE = TVUITests/Info.plist;
				LD_RUNPATH_SEARCH_PATHS = (
					"$(inherited)",
					"@executable_path/Frameworks",
					"@loader_path/Frameworks",
				);
				PRODUCT_BUNDLE_IDENTIFIER = JohnHerseyHighschool.TVUITests;
				PRODUCT_NAME = "$(TARGET_NAME)";
				SWIFT_VERSION = 4.2;
				TARGETED_DEVICE_FAMILY = "1,2";
				TEST_TARGET_NAME = TV;
			};
			name = Release;
		};
/* End XCBuildConfiguration section */

/* Begin XCConfigurationList section */
		149896A2221C6D4500A4B71F /* Build configuration list for PBXProject "TV" */ = {
			isa = XCConfigurationList;
			buildConfigurations = (
				149896CD221C6D4600A4B71F /* Debug */,
				149896CE221C6D4600A4B71F /* Release */,
			);
			defaultConfigurationIsVisible = 0;
			defaultConfigurationName = Release;
		};
		149896CF221C6D4600A4B71F /* Build configuration list for PBXNativeTarget "TV" */ = {
			isa = XCConfigurationList;
			buildConfigurations = (
				149896D0221C6D4600A4B71F /* Debug */,
				149896D1221C6D4600A4B71F /* Release */,
			);
			defaultConfigurationIsVisible = 0;
			defaultConfigurationName = Release;
		};
		149896D2221C6D4600A4B71F /* Build configuration list for PBXNativeTarget "TVTests" */ = {
			isa = XCConfigurationList;
			buildConfigurations = (
				149896D3221C6D4600A4B71F /* Debug */,
				149896D4221C6D4600A4B71F /* Release */,
			);
			defaultConfigurationIsVisible = 0;
			defaultConfigurationName = Release;
		};
		149896D5221C6D4600A4B71F /* Build configuration list for PBXNativeTarget "TVUITests" */ = {
			isa = XCConfigurationList;
			buildConfigurations = (
				149896D6221C6D4600A4B71F /* Debug */,
				149896D7221C6D4600A4B71F /* Release */,
			);
			defaultConfigurationIsVisible = 0;
			defaultConfigurationName = Release;
		};
/* End XCConfigurationList section */
	};
	rootObject = 1498969F221C6D4500A4B71F /* Project object */;
}
